
Microsoft Visual Studio Solution File, Format Version 12.00
# Visual Studio 15
VisualStudioVersion = 15.0.28010.2050
MinimumVisualStudioVersion = 10.0.40219.1
Project("{FAE04EC0-301F-11D3-BF4B-00C04F79EFBC}") = "DotaReplayUploader", "DotaReplayUploader\DotaReplayUploader.csproj", "{947F34AE-3F16-4D00-AE3D-9DF6D4A06365}"
EndProject
Global
	GlobalSection(SolutionConfigurationPlatforms) = preSolution
		Debug|Any CPU = Debug|Any CPU
		Release|Any CPU = Release|Any CPU
	EndGlobalSection
	GlobalSection(ProjectConfigurationPlatforms) = postSolution
		{947F34AE-3F16-4D00-AE3D-9DF6D4A06365}.Debug|Any CPU.ActiveCfg = Debug|Any CPU
		{947F34AE-3F16-4D00-AE3D-9DF6D4A06365}.Debug|Any CPU.Build.0 = Debug|Any CPU
		{947F34AE-3F16-4D00-AE3D-9DF6D4A06365}.Release|Any CPU.ActiveCfg = Release|Any CPU
		{947F34AE-3F16-4D00-AE3D-9DF6D4A06365}.Release|Any CPU.Build.0 = Release|Any CPU
	EndGlobalSection
	GlobalSection(SolutionProperties) = preSolution
		HideSolutionNode = FALSE
	EndGlobalSection
	GlobalSection(ExtensibilityGlobals) = postSolution
		SolutionGuid = {E8418110-B263-4C72-BEEA-29D5C8E7B8EA}
	EndGlobalSection
EndGlobal
